
Microsoft Visual Studio Solution File, Format Version 12.00
# Visual Studio Version 16
VisualStudioVersion = 16.0.33927.289
MinimumVisualStudioVersion = 10.0.40219.1
Project("{FAE04EC0-301F-11D3-BF4B-00C04F79EFBC}") = "Tyuiu.ZhdanovaAA.Sprint0.Task0.v0", "Tyuiu.ZhdanovaAA.Sprint0.Task0.v0\Tyuiu.ZhdanovaAA.Sprint0.Task0.v0.csproj", "{E607DFC2-9348-4D95-AF1D-7468383A6354}"
EndProject
Project("{FAE04EC0-301F-11D3-BF4B-00C04F79EFBC}") = "Tyuiu.ZhdanovaAA.Sprint0.Task1.V0", "Tyuiu.ZhdanovaAA.Sprint0.Task1.V0\Tyuiu.ZhdanovaAA.Sprint0.Task1.V0.csproj", "{B253C019-D6C3-4265-BB9A-5DB52C59897E}"
EndProject
Project("{2150E333-8FDC-42A3-9474-1A3956D46DE8}") = "Task0", "Task0", "{BC1741E2-2BD8-4710-8AA6-B1F0E5F73A58}"
EndProject
Project("{2150E333-8FDC-42A3-9474-1A3956D46DE8}") = "Task1", "Task1", "{843B8238-DF76-4C58-B11C-E28B14F6B361}"
EndProject
Project("{2150E333-8FDC-42A3-9474-1A3956D46DE8}") = "Task2", "Task2", "{6159683D-4E18-42B6-A5D6-A45B97F16DC5}"
EndProject
Project("{FAE04EC0-301F-11D3-BF4B-00C04F79EFBC}") = "Tyuiu.ZhdanovaAA.Sprint0.Task2.V0", "Tyuiu.ZhdanovaAA.Sprint0.Task2.V0\Tyuiu.ZhdanovaAA.Sprint0.Task2.V0.csproj", "{86658B77-9451-4F5C-95AE-E72B6176C873}"
EndProject
Project("{FAE04EC0-301F-11D3-BF4B-00C04F79EFBC}") = "Tyuiu.ZhdanovaAA.Sprint0.Task2.V0.Lib", "Tyuiu.ZhdanovaAA.Sprint0.Task2.V0.Lib\Tyuiu.ZhdanovaAA.Sprint0.Task2.V0.Lib.csproj", "{CE8DA313-C614-4E70-AFA7-74977CF29932}"
EndProject
Project("{FAE04EC0-301F-11D3-BF4B-00C04F79EFBC}") = "Tyuiu.ZhdanovaAA.Sprint0.Task2.V0.Test", "Tyuiu.ZhdanovaAA.Sprint0.Task2.V0.Test\Tyuiu.ZhdanovaAA.Sprint0.Task2.V0.Test.csproj", "{E2287E75-A447-4468-BE7A-BE6F1E43DA12}"
EndProject
Project("{2150E333-8FDC-42A3-9474-1A3956D46DE8}") = "Task3", "Task3", "{883FD106-869F-42A2-85AB-94F288E26F6C}"
EndProject
Project("{FAE04EC0-301F-11D3-BF4B-00C04F79EFBC}") = "Tyuiu.ZhdanovaAA.Sprint0.Task3.V0.Test", "Tyuiu.ZhdanovaAA.Sprint0.Task3.V0.Test\Tyuiu.ZhdanovaAA.Sprint0.Task3.V0.Test.csproj", "{4BE2616F-87D8-4974-97AC-6FAEB6AFA80F}"
EndProject
Project("{FAE04EC0-301F-11D3-BF4B-00C04F79EFBC}") = "Tyuiu.ZhdanovaAA.Sprint0.Task3.V0.Lib", "Tyuiu.ZhdanovaAA.Sprint0.Task3.V0.Lib\Tyuiu.ZhdanovaAA.Sprint0.Task3.V0.Lib.csproj", "{B2384A44-07E6-4A0D-828E-4B71DEDF3859}"
EndProject
Project("{FAE04EC0-301F-11D3-BF4B-00C04F79EFBC}") = "Tyuiu.ZhdanovaAA.Sprint0.Task3.V0", "Tyuiu.ZhdanovaAA.Sprint0.Task3.V0\Tyuiu.ZhdanovaAA.Sprint0.Task3.V0.csproj", "{160D2898-2914-4D09-9E55-387CD456546B}"
EndProject
Project("{2150E333-8FDC-42A3-9474-1A3956D46DE8}") = "Task4", "Task4", "{B5D4E55C-2024-48B9-A73F-4B55EF9FEDB7}"
EndProject
Project("{FAE04EC0-301F-11D3-BF4B-00C04F79EFBC}") = "Tyuiu.ZhdanovaAA.Sprint0.Task4.V0", "Tyuiu.ZhdanovaAA.Sprint0.Task4.V0\Tyuiu.ZhdanovaAA.Sprint0.Task4.V0.csproj", "{62FAED79-5266-44A7-BAC3-00C67720433C}"
EndProject
Project("{FAE04EC0-301F-11D3-BF4B-00C04F79EFBC}") = "Tyuiu.ZhdanovaAA.Sprint0.Task4.V0.Lib", "Tyuiu.ZhdanovaAA.Sprint0.Task4.V0.Lib\Tyuiu.ZhdanovaAA.Sprint0.Task4.V0.Lib.csproj", "{4C6E04C0-FEE8-4AA0-8143-2D79B9D37B9A}"
EndProject
Project("{FAE04EC0-301F-11D3-BF4B-00C04F79EFBC}") = "Tyuiu.ZhdanovaAA.Sprint0.Task4.V0.Test", "Tyuiu.ZhdanovaAA.Sprint0.Task4.V0.Test\Tyuiu.ZhdanovaAA.Sprint0.Task4.V0.Test.csproj", "{E25D7D97-5AF7-4A0E-AD0C-2BDA901F944D}"
EndProject
Project("{2150E333-8FDC-42A3-9474-1A3956D46DE8}") = "Task5", "Task5", "{6BB63601-81BA-4971-BA73-65636299EB77}"
EndProject
Project("{FAE04EC0-301F-11D3-BF4B-00C04F79EFBC}") = "Tyuiu.ZhdanovaAA.Sprint0.Task5.V0.Test", "Tyuiu.ZhdanovaAA.Sprint0.Task5.V0.Test\Tyuiu.ZhdanovaAA.Sprint0.Task5.V0.Test.csproj", "{930BFB2C-7EA2-4BC0-A8ED-6ECF9249E44D}"
EndProject
Project("{FAE04EC0-301F-11D3-BF4B-00C04F79EFBC}") = "Tyuiu.ZhdanovaAA.Sprint0.Task5.V0.Lib", "Tyuiu.ZhdanovaAA.Sprint0.Task5.V0.Lib\Tyuiu.ZhdanovaAA.Sprint0.Task5.V0.Lib.csproj", "{886F17CD-BFA7-4623-A271-EB074AE05875}"
EndProject
Project("{FAE04EC0-301F-11D3-BF4B-00C04F79EFBC}") = "Tyuiu.ZhdanovaAA.Sprint0.Task5.V0", "Tyuiu.ZhdanovaAA.Sprint0.Task5.V0\Tyuiu.ZhdanovaAA.Sprint0.Task5.V0.csproj", "{2AB4517B-2DF4-4675-808C-7A1ACBAEFA18}"
EndProject
Project("{2150E333-8FDC-42A3-9474-1A3956D46DE8}") = "Task6", "Task6", "{6829DD91-A6C1-4CCF-8167-87B27B038705}"
EndProject
Project("{FAE04EC0-301F-11D3-BF4B-00C04F79EFBC}") = "Tyuiu.ZhdanovaAA.Sprint0.Task6.V0", "Tyuiu.ZhdanovaAA.Sprint0.Task6.V0\Tyuiu.ZhdanovaAA.Sprint0.Task6.V0.csproj", "{6DD8588A-3B38-49AE-B24A-EB51693823C7}"
EndProject
Project("{FAE04EC0-301F-11D3-BF4B-00C04F79EFBC}") = "Tyuiu.ZhdanovaAA.Sprint0.Task6.V0.Lib", "Tyuiu.ZhdanovaAA.Sprint0.Task6.V0.Lib\Tyuiu.ZhdanovaAA.Sprint0.Task6.V0.Lib.csproj", "{060AA08A-E5D5-4269-B0ED-A95F7A6A89D9}"
EndProject
Project("{FAE04EC0-301F-11D3-BF4B-00C04F79EFBC}") = "Tyuiu.ZhdanovaAA.Sprint0.Task6.V0.Test", "Tyuiu.ZhdanovaAA.Sprint0.Task6.V0.Test\Tyuiu.ZhdanovaAA.Sprint0.Task6.V0.Test.csproj", "{E1EC2CC8-787B-4264-A476-DDE6C0438E0F}"
EndProject
Project("{2150E333-8FDC-42A3-9474-1A3956D46DE8}") = "Task7", "Task7", "{32DE6C1D-BC7F-4B7A-9B73-116DCC49087F}"
EndProject
Project("{FAE04EC0-301F-11D3-BF4B-00C04F79EFBC}") = "Tyuiu.ZhdanovaAA.Sprint0.Task7.V0.Test", "Tyuiu.ZhdanovaAA.Sprint0.Task7.V0.Test\Tyuiu.ZhdanovaAA.Sprint0.Task7.V0.Test.csproj", "{982D50C5-3D4B-4B1A-9955-BDF3925EDD95}"
EndProject
Project("{FAE04EC0-301F-11D3-BF4B-00C04F79EFBC}") = "Tyuiu.ZhdanovaAA.Sprint0.Task7.V0.Lib", "Tyuiu.ZhdanovaAA.Sprint0.Task7.V0.Lib\Tyuiu.ZhdanovaAA.Sprint0.Task7.V0.Lib.csproj", "{85CAB21C-83CC-49C0-94DB-61241DFF2ADC}"
EndProject
Project("{FAE04EC0-301F-11D3-BF4B-00C04F79EFBC}") = "Tyuiu.ZhdanovaAA.Sprint0.Task7.V0", "Tyuiu.ZhdanovaAA.Sprint0.Task7.V0\Tyuiu.ZhdanovaAA.Sprint0.Task7.V0.csproj", "{1FA391EF-85FD-43DA-96FA-D8297F23DEA4}"
EndProject
Global
	GlobalSection(SolutionConfigurationPlatforms) = preSolution
		Debug|Any CPU = Debug|Any CPU
		Release|Any CPU = Release|Any CPU
	EndGlobalSection
	GlobalSection(ProjectConfigurationPlatforms) = postSolution
		{E607DFC2-9348-4D95-AF1D-7468383A6354}.Debug|Any CPU.ActiveCfg = Debug|Any CPU
		{E607DFC2-9348-4D95-AF1D-7468383A6354}.Debug|Any CPU.Build.0 = Debug|Any CPU
		{E607DFC2-9348-4D95-AF1D-7468383A6354}.Release|Any CPU.ActiveCfg = Release|Any CPU
		{E607DFC2-9348-4D95-AF1D-7468383A6354}.Release|Any CPU.Build.0 = Release|Any CPU
		{B253C019-D6C3-4265-BB9A-5DB52C59897E}.Debug|Any CPU.ActiveCfg = Debug|Any CPU
		{B253C019-D6C3-4265-BB9A-5DB52C59897E}.Debug|Any CPU.Build.0 = Debug|Any CPU
		{B253C019-D6C3-4265-BB9A-5DB52C59897E}.Release|Any CPU.ActiveCfg = Release|Any CPU
		{B253C019-D6C3-4265-BB9A-5DB52C59897E}.Release|Any CPU.Build.0 = Release|Any CPU
		{86658B77-9451-4F5C-95AE-E72B6176C873}.Debug|Any CPU.ActiveCfg = Debug|Any CPU
		{86658B77-9451-4F5C-95AE-E72B6176C873}.Debug|Any CPU.Build.0 = Debug|Any CPU
		{86658B77-9451-4F5C-95AE-E72B6176C873}.Release|Any CPU.ActiveCfg = Release|Any CPU
		{86658B77-9451-4F5C-95AE-E72B6176C873}.Release|Any CPU.Build.0 = Release|Any CPU
		{CE8DA313-C614-4E70-AFA7-74977CF29932}.Debug|Any CPU.ActiveCfg = Debug|Any CPU
		{CE8DA313-C614-4E70-AFA7-74977CF29932}.Debug|Any CPU.Build.0 = Debug|Any CPU
		{CE8DA313-C614-4E70-AFA7-74977CF29932}.Release|Any CPU.ActiveCfg = Release|Any CPU
		{CE8DA313-C614-4E70-AFA7-74977CF29932}.Release|Any CPU.Build.0 = Release|Any CPU
		{E2287E75-A447-4468-BE7A-BE6F1E43DA12}.Debug|Any CPU.ActiveCfg = Debug|Any CPU
		{E2287E75-A447-4468-BE7A-BE6F1E43DA12}.Debug|Any CPU.Build.0 = Debug|Any CPU
		{E2287E75-A447-4468-BE7A-BE6F1E43DA12}.Release|Any CPU.ActiveCfg = Release|Any CPU
		{E2287E75-A447-4468-BE7A-BE6F1E43DA12}.Release|Any CPU.Build.0 = Release|Any CPU
		{4BE2616F-87D8-4974-97AC-6FAEB6AFA80F}.Debug|Any CPU.ActiveCfg = Debug|Any CPU
		{4BE2616F-87D8-4974-97AC-6FAEB6AFA80F}.Debug|Any CPU.Build.0 = Debug|Any CPU
		{4BE2616F-87D8-4974-97AC-6FAEB6AFA80F}.Release|Any CPU.ActiveCfg = Release|Any CPU
		{4BE2616F-87D8-4974-97AC-6FAEB6AFA80F}.Release|Any CPU.Build.0 = Release|Any CPU
		{B2384A44-07E6-4A0D-828E-4B71DEDF3859}.Debug|Any CPU.ActiveCfg = Debug|Any CPU
		{B2384A44-07E6-4A0D-828E-4B71DEDF3859}.Debug|Any CPU.Build.0 = Debug|Any CPU
		{B2384A44-07E6-4A0D-828E-4B71DEDF3859}.Release|Any CPU.ActiveCfg = Release|Any CPU
		{B2384A44-07E6-4A0D-828E-4B71DEDF3859}.Release|Any CPU.Build.0 = Release|Any CPU
		{160D2898-2914-4D09-9E55-387CD456546B}.Debug|Any CPU.ActiveCfg = Debug|Any CPU
		{160D2898-2914-4D09-9E55-387CD456546B}.Debug|Any CPU.Build.0 = Debug|Any CPU
		{160D2898-2914-4D09-9E55-387CD456546B}.Release|Any CPU.ActiveCfg = Release|Any CPU
		{160D2898-2914-4D09-9E55-387CD456546B}.Release|Any CPU.Build.0 = Release|Any CPU
		{62FAED79-5266-44A7-BAC3-00C67720433C}.Debug|Any CPU.ActiveCfg = Debug|Any CPU
		{62FAED79-5266-44A7-BAC3-00C67720433C}.Debug|Any CPU.Build.0 = Debug|Any CPU
		{62FAED79-5266-44A7-BAC3-00C67720433C}.Release|Any CPU.ActiveCfg = Release|Any CPU
		{62FAED79-5266-44A7-BAC3-00C67720433C}.Release|Any CPU.Build.0 = Release|Any CPU
		{4C6E04C0-FEE8-4AA0-8143-2D79B9D37B9A}.Debug|Any CPU.ActiveCfg = Debug|Any CPU
		{4C6E04C0-FEE8-4AA0-8143-2D79B9D37B9A}.Debug|Any CPU.Build.0 = Debug|Any CPU
		{4C6E04C0-FEE8-4AA0-8143-2D79B9D37B9A}.Release|Any CPU.ActiveCfg = Release|Any CPU
		{4C6E04C0-FEE8-4AA0-8143-2D79B9D37B9A}.Release|Any CPU.Build.0 = Release|Any CPU
		{E25D7D97-5AF7-4A0E-AD0C-2BDA901F944D}.Debug|Any CPU.ActiveCfg = Debug|Any CPU
		{E25D7D97-5AF7-4A0E-AD0C-2BDA901F944D}.Debug|Any CPU.Build.0 = Debug|Any CPU
		{E25D7D97-5AF7-4A0E-AD0C-2BDA901F944D}.Release|Any CPU.ActiveCfg = Release|Any CPU
		{E25D7D97-5AF7-4A0E-AD0C-2BDA901F944D}.Release|Any CPU.Build.0 = Release|Any CPU
		{930BFB2C-7EA2-4BC0-A8ED-6ECF9249E44D}.Debug|Any CPU.ActiveCfg = Debug|Any CPU
		{930BFB2C-7EA2-4BC0-A8ED-6ECF9249E44D}.Debug|Any CPU.Build.0 = Debug|Any CPU
		{930BFB2C-7EA2-4BC0-A8ED-6ECF9249E44D}.Release|Any CPU.ActiveCfg = Release|Any CPU
		{930BFB2C-7EA2-4BC0-A8ED-6ECF9249E44D}.Release|Any CPU.Build.0 = Release|Any CPU
		{886F17CD-BFA7-4623-A271-EB074AE05875}.Debug|Any CPU.ActiveCfg = Debug|Any CPU
		{886F17CD-BFA7-4623-A271-EB074AE05875}.Debug|Any CPU.Build.0 = Debug|Any CPU
		{886F17CD-BFA7-4623-A271-EB074AE05875}.Release|Any CPU.ActiveCfg = Release|Any CPU
		{886F17CD-BFA7-4623-A271-EB074AE05875}.Release|Any CPU.Build.0 = Release|Any CPU
		{2AB4517B-2DF4-4675-808C-7A1ACBAEFA18}.Debug|Any CPU.ActiveCfg = Debug|Any CPU
		{2AB4517B-2DF4-4675-808C-7A1ACBAEFA18}.Debug|Any CPU.Build.0 = Debug|Any CPU
		{2AB4517B-2DF4-4675-808C-7A1ACBAEFA18}.Release|Any CPU.ActiveCfg = Release|Any CPU
		{2AB4517B-2DF4-4675-808C-7A1ACBAEFA18}.Release|Any CPU.Build.0 = Release|Any CPU
		{6DD8588A-3B38-49AE-B24A-EB51693823C7}.Debug|Any CPU.ActiveCfg = Debug|Any CPU
		{6DD8588A-3B38-49AE-B24A-EB51693823C7}.Debug|Any CPU.Build.0 = Debug|Any CPU
		{6DD8588A-3B38-49AE-B24A-EB51693823C7}.Release|Any CPU.ActiveCfg = Release|Any CPU
		{6DD8588A-3B38-49AE-B24A-EB51693823C7}.Release|Any CPU.Build.0 = Release|Any CPU
		{060AA08A-E5D5-4269-B0ED-A95F7A6A89D9}.Debug|Any CPU.ActiveCfg = Debug|Any CPU
		{060AA08A-E5D5-4269-B0ED-A95F7A6A89D9}.Debug|Any CPU.Build.0 = Debug|Any CPU
		{060AA08A-E5D5-4269-B0ED-A95F7A6A89D9}.Release|Any CPU.ActiveCfg = Release|Any CPU
		{060AA08A-E5D5-4269-B0ED-A95F7A6A89D9}.Release|Any CPU.Build.0 = Release|Any CPU
		{E1EC2CC8-787B-4264-A476-DDE6C0438E0F}.Debug|Any CPU.ActiveCfg = Debug|Any CPU
		{E1EC2CC8-787B-4264-A476-DDE6C0438E0F}.Debug|Any CPU.Build.0 = Debug|Any CPU
		{E1EC2CC8-787B-4264-A476-DDE6C0438E0F}.Release|Any CPU.ActiveCfg = Release|Any CPU
		{E1EC2CC8-787B-4264-A476-DDE6C0438E0F}.Release|Any CPU.Build.0 = Release|Any CPU
		{982D50C5-3D4B-4B1A-9955-BDF3925EDD95}.Debug|Any CPU.ActiveCfg = Debug|Any CPU
		{982D50C5-3D4B-4B1A-9955-BDF3925EDD95}.Debug|Any CPU.Build.0 = Debug|Any CPU
		{982D50C5-3D4B-4B1A-9955-BDF3925EDD95}.Release|Any CPU.ActiveCfg = Release|Any CPU
		{982D50C5-3D4B-4B1A-9955-BDF3925EDD95}.Release|Any CPU.Build.0 = Release|Any CPU
		{85CAB21C-83CC-49C0-94DB-61241DFF2ADC}.Debug|Any CPU.ActiveCfg = Debug|Any CPU
		{85CAB21C-83CC-49C0-94DB-61241DFF2ADC}.Debug|Any CPU.Build.0 = Debug|Any CPU
		{85CAB21C-83CC-49C0-94DB-61241DFF2ADC}.Release|Any CPU.ActiveCfg = Release|Any CPU
		{85CAB21C-83CC-49C0-94DB-61241DFF2ADC}.Release|Any CPU.Build.0 = Release|Any CPU
		{1FA391EF-85FD-43DA-96FA-D8297F23DEA4}.Debug|Any CPU.ActiveCfg = Debug|Any CPU
		{1FA391EF-85FD-43DA-96FA-D8297F23DEA4}.Debug|Any CPU.Build.0 = Debug|Any CPU
		{1FA391EF-85FD-43DA-96FA-D8297F23DEA4}.Release|Any CPU.ActiveCfg = Release|Any CPU
		{1FA391EF-85FD-43DA-96FA-D8297F23DEA4}.Release|Any CPU.Build.0 = Release|Any CPU
	EndGlobalSection
	GlobalSection(SolutionProperties) = preSolution
		HideSolutionNode = FALSE
	EndGlobalSection
	GlobalSection(NestedProjects) = preSolution
		{E607DFC2-9348-4D95-AF1D-7468383A6354} = {BC1741E2-2BD8-4710-8AA6-B1F0E5F73A58}
		{B253C019-D6C3-4265-BB9A-5DB52C59897E} = {843B8238-DF76-4C58-B11C-E28B14F6B361}
		{86658B77-9451-4F5C-95AE-E72B6176C873} = {6159683D-4E18-42B6-A5D6-A45B97F16DC5}
		{CE8DA313-C614-4E70-AFA7-74977CF29932} = {6159683D-4E18-42B6-A5D6-A45B97F16DC5}
		{E2287E75-A447-4468-BE7A-BE6F1E43DA12} = {6159683D-4E18-42B6-A5D6-A45B97F16DC5}
		{4BE2616F-87D8-4974-97AC-6FAEB6AFA80F} = {883FD106-869F-42A2-85AB-94F288E26F6C}
		{B2384A44-07E6-4A0D-828E-4B71DEDF3859} = {883FD106-869F-42A2-85AB-94F288E26F6C}
		{160D2898-2914-4D09-9E55-387CD456546B} = {883FD106-869F-42A2-85AB-94F288E26F6C}
		{62FAED79-5266-44A7-BAC3-00C67720433C} = {B5D4E55C-2024-48B9-A73F-4B55EF9FEDB7}
		{4C6E04C0-FEE8-4AA0-8143-2D79B9D37B9A} = {B5D4E55C-2024-48B9-A73F-4B55EF9FEDB7}
		{E25D7D97-5AF7-4A0E-AD0C-2BDA901F944D} = {B5D4E55C-2024-48B9-A73F-4B55EF9FEDB7}
		{930BFB2C-7EA2-4BC0-A8ED-6ECF9249E44D} = {6BB63601-81BA-4971-BA73-65636299EB77}
		{886F17CD-BFA7-4623-A271-EB074AE05875} = {6BB63601-81BA-4971-BA73-65636299EB77}
		{2AB4517B-2DF4-4675-808C-7A1ACBAEFA18} = {6BB63601-81BA-4971-BA73-65636299EB77}
		{6DD8588A-3B38-49AE-B24A-EB51693823C7} = {6829DD91-A6C1-4CCF-8167-87B27B038705}
		{060AA08A-E5D5-4269-B0ED-A95F7A6A89D9} = {6829DD91-A6C1-4CCF-8167-87B27B038705}
		{E1EC2CC8-787B-4264-A476-DDE6C0438E0F} = {6829DD91-A6C1-4CCF-8167-87B27B038705}
		{982D50C5-3D4B-4B1A-9955-BDF3925EDD95} = {32DE6C1D-BC7F-4B7A-9B73-116DCC49087F}
		{85CAB21C-83CC-49C0-94DB-61241DFF2ADC} = {32DE6C1D-BC7F-4B7A-9B73-116DCC49087F}
		{1FA391EF-85FD-43DA-96FA-D8297F23DEA4} = {32DE6C1D-BC7F-4B7A-9B73-116DCC49087F}
	EndGlobalSection
	GlobalSection(ExtensibilityGlobals) = postSolution
		SolutionGuid = {000C8585-839C-4059-A270-F4220C2BE423}
	EndGlobalSection
EndGlobal
